
Microsoft Visual Studio Solution File, Format Version 12.00
# Visual Studio Version 17
VisualStudioVersion = 17.1.32228.430
MinimumVisualStudioVersion = 10.0.40219.1
Project("{8BC9CEB8-8B4A-11D0-8D11-00A0C91BC942}") = "speed_challenge", "speed_challenge\speed_challenge.vcxproj", "{A92F5FED-8FBD-4844-BAE4-069CD39E189C}"
EndProject
Global
	GlobalSection(SolutionConfigurationPlatforms) = preSolution
		Debug|x64 = Debug|x64
		Debug|x86 = Debug|x86
		Release|x64 = Release|x64
		Release|x86 = Release|x86
	EndGlobalSection
	GlobalSection(ProjectConfigurationPlatforms) = postSolution
		{A92F5FED-8FBD-4844-BAE4-069CD39E189C}.Debug|x64.ActiveCfg = Debug|x64
		{A92F5FED-8FBD-4844-BAE4-069CD39E189C}.Debug|x64.Build.0 = Debug|x64
		{A92F5FED-8FBD-4844-BAE4-069CD39E189C}.Debug|x86.ActiveCfg = Debug|Win32
		{A92F5FED-8FBD-4844-BAE4-069CD39E189C}.Debug|x86.Build.0 = Debug|Win32
		{A92F5FED-8FBD-4844-BAE4-069CD39E189C}.Release|x64.ActiveCfg = Release|x64
		{A92F5FED-8FBD-4844-BAE4-069CD39E189C}.Release|x64.Build.0 = Release|x64
		{A92F5FED-8FBD-4844-BAE4-069CD39E189C}.Release|x86.ActiveCfg = Release|Win32
		{A92F5FED-8FBD-4844-BAE4-069CD39E189C}.Release|x86.Build.0 = Release|Win32
	EndGlobalSection
	GlobalSection(SolutionProperties) = preSolution
		HideSolutionNode = FALSE
	EndGlobalSection
	GlobalSection(ExtensibilityGlobals) = postSolution
		SolutionGuid = {363627DB-01CC-4C53-8AD7-2E434B74CE8C}
	EndGlobalSection
EndGlobal
